FORGE
  remote: https://forgeapi.puppetlabs.com
  specs:
    puppetlabs-apt (1.6.0)
      puppetlabs-stdlib (>= 2.2.1)
    puppetlabs-stdlib (4.3.2)

GIT
  remote: git@github.com:Filirom1/puppetlabs-nodejs.git
  ref: 10e212e55a745a8546a77373dbb485f436667f16
  sha: 10e212e55a745a8546a77373dbb485f436667f16
  specs:
    puppetlabs-nodejs (0.6.1)
      puppetlabs-apt (>= 0.0.3)
      puppetlabs-stdlib (>= 2.0.0)

DEPENDENCIES
  puppetlabs-nodejs (>= 0)

